// !$*UTF8*$!
{
	archiveVersion = 1;
	classes = {
	};
	objectVersion = 46;
	objects = {

/* Begin PBXBuildFile section */
		0207DA581B56EA530066E2B4 /* Images.xcassets in Resources */ = {isa = PBXBuildFile; fileRef = 0207DA571B56EA530066E2B4 /* Images.xcassets */; };
		0BA1B14325184F76903F7946 /* AFNetworkReachabilityManager.m in Sources */ = {isa = PBXBuildFile; fileRef = D6DCBCDB8F30406C9F50E790 /* AFNetworkReachabilityManager.m */; };
		0F37C379B7964156A96CC83C /* BinaryRequestSerializer.m in Sources */ = {isa = PBXBuildFile; fileRef = 961B7E20A1D0408C95B36389 /* BinaryRequestSerializer.m */; };
		1B49548913C54045A5B33E28 /* Security.framework in Frameworks */ = {isa = PBXBuildFile; fileRef = DFE6EE397EDB4F47ACDDBE12 /* Security.framework */; };
		1C4639FAB9934A898826334A /* NativeStorage.m in Sources */ = {isa = PBXBuildFile; fileRef = BB9C2BBC15F445A4B5598E6D /* NativeStorage.m */; };
		1D3623260D0F684500981E51 /* AppDelegate.m in Sources */ = {isa = PBXBuildFile; fileRef = 1D3623250D0F684500981E51 /* AppDelegate.m */; };
		1D60589B0D05DD56006BFB54 /* main.m in Sources */ = {isa = PBXBuildFile; fileRef = 29B97316FDCFA39411CA2CEA /* main.m */; };
		268C449C35D643CA8EB2CA81 /* CDVLocalFilesystem.m in Sources */ = {isa = PBXBuildFile; fileRef = 3A8F52AAD7BB40BC8C063791 /* CDVLocalFilesystem.m */; };
		271DE24C89F74EBBAE62CFEF /* BinaryResponseSerializer.m in Sources */ = {isa = PBXBuildFile; fileRef = 3A92535B476F4A8CB26062B3 /* BinaryResponseSerializer.m */; };
		301BF552109A68D80062928A /* libCordova.a in Frameworks */ = {isa = PBXBuildFile; fileRef = 301BF535109A57CC0062928A /* libCordova.a */; settings = {ATTRIBUTES = (Required, ); }; };
		302D95F114D2391D003F00A1 /* MainViewController.m in Sources */ = {isa = PBXBuildFile; fileRef = 302D95EF14D2391D003F00A1 /* MainViewController.m */; };
		302D95F214D2391D003F00A1 /* MainViewController.xib in Resources */ = {isa = PBXBuildFile; fileRef = 302D95F014D2391D003F00A1 /* MainViewController.xib */; };
		32FCED7CEFA147068D69F214 /* MessageUI.framework in Frameworks */ = {isa = PBXBuildFile; fileRef = 0DF968466ACB46A8A567EB0B /* MessageUI.framework */; };
		34D5EFE975F14FA08E8EE3EC /* CDVWKInAppBrowserUIDelegate.m in Sources */ = {isa = PBXBuildFile; fileRef = 3F1746F5990943D78214E767 /* CDVWKInAppBrowserUIDelegate.m */; };
		35B450458EEA491ABB2CA2CE /* LMLogger.m in Sources */ = {isa = PBXBuildFile; fileRef = 1BD442F5A6A7412A8B1F7D85 /* LMLogger.m */; };
		38132C46B6334B7081149578 /* CDVDevice.m in Sources */ = {isa = PBXBuildFile; fileRef = D009998E1C8D44E7B19EF41E /* CDVDevice.m */; };
		3972EB73D1C143E3A26E43BC /* AFURLResponseSerialization.m in Sources */ = {isa = PBXBuildFile; fileRef = 21CE565254BD42B18725615B /* AFURLResponseSerialization.m */; };
		4A1EF765CCD04E2E8BABEE0A /* AFSecurityPolicy.m in Sources */ = {isa = PBXBuildFile; fileRef = 3B1C0BF8F7A746BDA9AE8FD5 /* AFSecurityPolicy.m */; };
		4FD1BBB33F6C41BCBCF92E05 /* CDVStatusBar.m in Sources */ = {isa = PBXBuildFile; fileRef = 33AD11CD4C514B0EB453A610 /* CDVStatusBar.m */; };
		548F68EF324047729CE9E269 /* CDVInAppBrowserOptions.m in Sources */ = {isa = PBXBuildFile; fileRef = 8662C56F061F485389A62C9E /* CDVInAppBrowserOptions.m */; };
		5981A82556D44D68B1C214D0 /* TextResponseSerializer.m in Sources */ = {isa = PBXBuildFile; fileRef = 66C00476D46B4753B3AF5257 /* TextResponseSerializer.m */; };
		6AFF5BF91D6E424B00AB3073 /* CDVLaunchScreen.storyboard in Resources */ = {isa = PBXBuildFile; fileRef = 6AFF5BF81D6E424B00AB3073 /* CDVLaunchScreen.storyboard */; };
		6C4C136A24C94E01B8F6C9B4 /* CordovaHttpPlugin.m in Sources */ = {isa = PBXBuildFile; fileRef = 804DD8DD93404E87A82A392D /* CordovaHttpPlugin.m */; };
		700FF39D7BE2479694779E09 /* CDVLocationManager.m in Sources */ = {isa = PBXBuildFile; fileRef = DFA37B7CCC494BF9AED095C1 /* CDVLocationManager.m */; };
		7161FD62536F47149CD051CE /* CDVAssetLibraryFilesystem.m in Sources */ = {isa = PBXBuildFile; fileRef = 846BE852C47B4554B33E9B8A /* CDVAssetLibraryFilesystem.m */; };
		7A9FE0B8C0134224B90E3D16 /* CDVWKInAppBrowser.m in Sources */ = {isa = PBXBuildFile; fileRef = D8DE8A3244C74862AAA63100 /* CDVWKInAppBrowser.m */; };
		7F2B8CE4A3B74EE9910064D5 /* CoreBluetooth.framework in Frameworks */ = {isa = PBXBuildFile; fileRef = D099598348F649A2BB3A598F /* CoreBluetooth.framework */; };
		8036626687E14884A3DCECA6 /* AppDelegate+CDVLocationManager.m in Sources */ = {isa = PBXBuildFile; fileRef = 40A63F0D449349359F5B07E7 /* AppDelegate+CDVLocationManager.m */; };
		80ED3B402C4D477883E03448 /* AFURLRequestSerialization.m in Sources */ = {isa = PBXBuildFile; fileRef = 2D71406DC2EF4D15BEE67700 /* AFURLRequestSerialization.m */; };
		91A9AFBD48C14D40861E95BD /* AFHTTPSessionManager.m in Sources */ = {isa = PBXBuildFile; fileRef = 691AD4DD528947A0938DD3CB /* AFHTTPSessionManager.m */; };
		9286166F4BC94FA3AD8DCF77 /* APPEmailComposer.m in Sources */ = {isa = PBXBuildFile; fileRef = AD6F0FF22E384534B84A5143 /* APPEmailComposer.m */; };
		9468B9C949214058ADA9D6D0 /* SDNetworkActivityIndicator.m in Sources */ = {isa = PBXBuildFile; fileRef = 7A1B3E48F7794CD99FC2CEA1 /* SDNetworkActivityIndicator.m */; };
		9CB0702AEF6F496A9CEEB3BC /* CDVInAppBrowserNavigationController.m in Sources */ = {isa = PBXBuildFile; fileRef = 279B2AF1474842A6A0222792 /* CDVInAppBrowserNavigationController.m */; };
		C598FB8D849240B38681F47D /* SystemConfiguration.framework in Frameworks */ = {isa = PBXBuildFile; fileRef = C76045D567AE4AF9B19BB4DE /* SystemConfiguration.framework */; };
		C780A684FC6D4AC9B34BF38E /* CDVFile.m in Sources */ = {isa = PBXBuildFile; fileRef = 731BB972F7B84A9A90CAF87C /* CDVFile.m */; };
		E178127E83A84F9697E4E05E /* CoreLocation.framework in Frameworks */ = {isa = PBXBuildFile; fileRef = 61C810FC883242D1AE5C50C4 /* CoreLocation.framework */; };
		E9B1FEFF5A954717A7B11EFE /* TextRequestSerializer.m in Sources */ = {isa = PBXBuildFile; fileRef = 5BF3B733E1084A85B4B978B8 /* TextRequestSerializer.m */; };
		ED97D5773AE440678EBAD443 /* AFURLSessionManager.m in Sources */ = {isa = PBXBuildFile; fileRef = 0B1D45690BDF4424818756B8 /* AFURLSessionManager.m */; };
		F781D9AAD4644775AA082728 /* APPEmailComposerImpl.m in Sources */ = {isa = PBXBuildFile; fileRef = 7F12D5696A5448CDA9CB08C8 /* APPEmailComposerImpl.m */; };
/* End PBXBuildFile section */

/* Begin PBXContainerItemProxy section */
		301BF534109A57CC0062928A /* PBXContainerItemProxy */ = {
			isa = PBXContainerItemProxy;
			containerPortal = 301BF52D109A57CC0062928A /* CordovaLib.xcodeproj */;
			proxyType = 2;
			remoteGlobalIDString = D2AAC07E0554694100DB518D;
			remoteInfo = CordovaLib;
		};
		301BF550109A68C00062928A /* PBXContainerItemProxy */ = {
			isa = PBXContainerItemProxy;
			containerPortal = 301BF52D109A57CC0062928A /* CordovaLib.xcodeproj */;
			proxyType = 1;
			remoteGlobalIDString = D2AAC07D0554694100DB518D;
			remoteInfo = CordovaLib;
		};
		907D8123214C687600058A10 /* PBXContainerItemProxy */ = {
			isa = PBXContainerItemProxy;
			containerPortal = 301BF52D109A57CC0062928A /* CordovaLib.xcodeproj */;
			proxyType = 2;
			remoteGlobalIDString = C0C01EB21E3911D50056E6CB;
			remoteInfo = Cordova;
		};
/* End PBXContainerItemProxy section */

/* Begin PBXFileReference section */
		0207DA571B56EA530066E2B4 /* Images.xcassets */ = {isa = PBXFileReference; lastKnownFileType = folder.assetcatalog; name = Images.xcassets; path = "Tilt 2/Images.xcassets"; sourceTree = SOURCE_ROOT; };
		0B1D45690BDF4424818756B8 /* AFURLSessionManager.m */ = {isa = PBXFileReference; explicitFileType = undefined; fileEncoding = 4; includeInIndex = 0; lastKnownFileType = sourcecode.c.objc; name = AFURLSessionManager.m; path = "cordova-plugin-advanced-http/AFURLSessionManager.m"; sourceTree = "<group>"; };
		0DF968466ACB46A8A567EB0B /* MessageUI.framework */ = {isa = PBXFileReference; explicitFileType = undefined; fileEncoding = 9; includeInIndex = 0; lastKnownFileType = wrapper.framework; name = MessageUI.framework; path = System/Library/Frameworks/MessageUI.framework; sourceTree = SDKROOT; };
		128F24D36905451CB04438B7 /* CDVLocalFilesystem.h */ = {isa = PBXFileReference; explicitFileType = undefined; fileEncoding = 4; includeInIndex = 0; lastKnownFileType = sourcecode.c.h; name = CDVLocalFilesystem.h; path = "cordova-plugin-file/CDVLocalFilesystem.h"; sourceTree = "<group>"; };
		1AE199483E414727A98C6680 /* CDVAssetLibraryFilesystem.h */ = {isa = PBXFileReference; explicitFileType = undefined; fileEncoding = 4; includeInIndex = 0; lastKnownFileType = sourcecode.c.h; name = CDVAssetLibraryFilesystem.h; path = "cordova-plugin-file/CDVAssetLibraryFilesystem.h"; sourceTree = "<group>"; };
		1BD442F5A6A7412A8B1F7D85 /* LMLogger.m */ = {isa = PBXFileReference; explicitFileType = undefined; fileEncoding = 4; includeInIndex = 0; lastKnownFileType = sourcecode.c.objc; name = LMLogger.m; path = com.unarin.cordova.beacon/LMLogger.m; sourceTree = "<group>"; };
		1D3623240D0F684500981E51 /* AppDelegate.h */ = {isa = PBXFileReference; fileEncoding = 4; lastKnownFileType = sourcecode.c.h; path = AppDelegate.h; sourceTree = "<group>"; };
		1D3623250D0F684500981E51 /* AppDelegate.m */ = {isa = PBXFileReference; fileEncoding = 4; lastKnownFileType = sourcecode.c.objc; path = AppDelegate.m; sourceTree = "<group>"; };
		1D6058910D05DD3D006BFB54 /* Tilt 2.app */ = {isa = PBXFileReference; explicitFileType = wrapper.application; includeInIndex = 0; path = "Tilt 2.app"; sourceTree = BUILT_PRODUCTS_DIR; };
		21CE565254BD42B18725615B /* AFURLResponseSerialization.m */ = {isa = PBXFileReference; explicitFileType = undefined; fileEncoding = 4; includeInIndex = 0; lastKnownFileType = sourcecode.c.objc; name = AFURLResponseSerialization.m; path = "cordova-plugin-advanced-http/AFURLResponseSerialization.m"; sourceTree = "<group>"; };
		22B0237682E343059D885484 /* BinaryRequestSerializer.h */ = {isa = PBXFileReference; explicitFileType = undefined; fileEncoding = 4; includeInIndex = 0; lastKnownFileType = sourcecode.c.h; name = BinaryRequestSerializer.h; path = "cordova-plugin-advanced-http/BinaryRequestSerializer.h"; sourceTree = "<group>"; };
		25A6BB8CE3794554ACDAE5C2 /* AFNetworking.h */ = {isa = PBXFileReference; explicitFileType = undefined; fileEncoding = 4; includeInIndex = 0; lastKnownFileType = sourcecode.c.h; name = AFNetworking.h; path = "cordova-plugin-advanced-http/AFNetworking.h"; sourceTree = "<group>"; };
		279B2AF1474842A6A0222792 /* CDVInAppBrowserNavigationController.m */ = {isa = PBXFileReference; explicitFileType = undefined; fileEncoding = 4; includeInIndex = 0; lastKnownFileType = sourcecode.c.objc; name = CDVInAppBrowserNavigationController.m; path = "cordova-plugin-inappbrowser/CDVInAppBrowserNavigationController.m"; sourceTree = "<group>"; };
		29B97316FDCFA39411CA2CEA /* main.m */ = {isa = PBXFileReference; fileEncoding = 4; lastKnownFileType = sourcecode.c.objc; path = main.m; sourceTree = "<group>"; };
		2D71406DC2EF4D15BEE67700 /* AFURLRequestSerialization.m */ = {isa = PBXFileReference; explicitFileType = undefined; fileEncoding = 4; includeInIndex = 0; lastKnownFileType = sourcecode.c.objc; name = AFURLRequestSerialization.m; path = "cordova-plugin-advanced-http/AFURLRequestSerialization.m"; sourceTree = "<group>"; };
		301BF52D109A57CC0062928A /* CordovaLib.xcodeproj */ = {isa = PBXFileReference; lastKnownFileType = "wrapper.pb-project"; name = CordovaLib.xcodeproj; path = CordovaLib/CordovaLib.xcodeproj; sourceTree = "<group>"; };
		301BF56E109A69640062928A /* www */ = {isa = PBXFileReference; lastKnownFileType = folder; path = www; sourceTree = SOURCE_ROOT; };
		302D95EE14D2391D003F00A1 /* MainViewController.h */ = {isa = PBXFileReference; fileEncoding = 4; lastKnownFileType = sourcecode.c.h; path = MainViewController.h; sourceTree = "<group>"; };
		302D95EF14D2391D003F00A1 /* MainViewController.m */ = {isa = PBXFileReference; fileEncoding = 4; lastKnownFileType = sourcecode.c.objc; path = MainViewController.m; sourceTree = "<group>"; };
		302D95F014D2391D003F00A1 /* MainViewController.xib */ = {isa = PBXFileReference; fileEncoding = 4; lastKnownFileType = file.xib; path = MainViewController.xib; sourceTree = "<group>"; };
		3047A50F1AB8059700498E2A /* build-debug.xcconfig */ = {isa = PBXFileReference; fileEncoding = 4; lastKnownFileType = text.xcconfig; name = "build-debug.xcconfig"; path = "cordova/build-debug.xcconfig"; sourceTree = SOURCE_ROOT; };
		3047A5101AB8059700498E2A /* build-release.xcconfig */ = {isa = PBXFileReference; fileEncoding = 4; lastKnownFileType = text.xcconfig; name = "build-release.xcconfig"; path = "cordova/build-release.xcconfig"; sourceTree = SOURCE_ROOT; };
		3047A5111AB8059700498E2A /* build.xcconfig */ = {isa = PBXFileReference; fileEncoding = 4; lastKnownFileType = text.xcconfig; name = build.xcconfig; path = cordova/build.xcconfig; sourceTree = SOURCE_ROOT; };
		32CA4F630368D1EE00C91783 /* Tilt 2-Prefix.pch */ = {isa = PBXFileReference; fileEncoding = 4; lastKnownFileType = sourcecode.c.h; path = "Tilt 2-Prefix.pch"; sourceTree = "<group>"; };
		33AD11CD4C514B0EB453A610 /* CDVStatusBar.m */ = {isa = PBXFileReference; explicitFileType = undefined; fileEncoding = 4; includeInIndex = 0; lastKnownFileType = sourcecode.c.objc; name = CDVStatusBar.m; path = "cordova-plugin-statusbar/CDVStatusBar.m"; sourceTree = "<group>"; };
		38A99887C4754B36A31E8D87 /* APPEmailComposerImpl.h */ = {isa = PBXFileReference; explicitFileType = undefined; fileEncoding = 4; includeInIndex = 0; lastKnownFileType = sourcecode.c.h; name = APPEmailComposerImpl.h; path = "cordova-plugin-email-composer/APPEmailComposerImpl.h"; sourceTree = "<group>"; };
		3A8F52AAD7BB40BC8C063791 /* CDVLocalFilesystem.m */ = {isa = PBXFileReference; explicitFileType = undefined; fileEncoding = 4; includeInIndex = 0; lastKnownFileType = sourcecode.c.objc; name = CDVLocalFilesystem.m; path = "cordova-plugin-file/CDVLocalFilesystem.m"; sourceTree = "<group>"; };
		3A92535B476F4A8CB26062B3 /* BinaryResponseSerializer.m */ = {isa = PBXFileReference; explicitFileType = undefined; fileEncoding = 4; includeInIndex = 0; lastKnownFileType = sourcecode.c.objc; name = BinaryResponseSerializer.m; path = "cordova-plugin-advanced-http/BinaryResponseSerializer.m"; sourceTree = "<group>"; };
		3B1C0BF8F7A746BDA9AE8FD5 /* AFSecurityPolicy.m */ = {isa = PBXFileReference; explicitFileType = undefined; fileEncoding = 4; includeInIndex = 0; lastKnownFileType = sourcecode.c.objc; name = AFSecurityPolicy.m; path = "cordova-plugin-advanced-http/AFSecurityPolicy.m"; sourceTree = "<group>"; };
		3E91E71EA79B4F4E9527CA64 /* NativeStorage.h */ = {isa = PBXFileReference; explicitFileType = undefined; fileEncoding = 4; includeInIndex = 0; lastKnownFileType = sourcecode.c.h; name = NativeStorage.h; path = "cordova-plugin-nativestorage/NativeStorage.h"; sourceTree = "<group>"; };
		3F1746F5990943D78214E767 /* CDVWKInAppBrowserUIDelegate.m */ = {isa = PBXFileReference; explicitFileType = undefined; fileEncoding = 4; includeInIndex = 0; lastKnownFileType = sourcecode.c.objc; name = CDVWKInAppBrowserUIDelegate.m; path = "cordova-plugin-inappbrowser/CDVWKInAppBrowserUIDelegate.m"; sourceTree = "<group>"; };
		40A63F0D449349359F5B07E7 /* AppDelegate+CDVLocationManager.m */ = {isa = PBXFileReference; explicitFileType = undefined; fileEncoding = 4; includeInIndex = 0; lastKnownFileType = sourcecode.c.objc; name = "AppDelegate+CDVLocationManager.m"; path = "com.unarin.cordova.beacon/AppDelegate+CDVLocationManager.m"; sourceTree = "<group>"; };
		41D25B904D98476DA8E89004 /* TextResponseSerializer.h */ = {isa = PBXFileReference; explicitFileType = undefined; fileEncoding = 4; includeInIndex = 0; lastKnownFileType = sourcecode.c.h; name = TextResponseSerializer.h; path = "cordova-plugin-advanced-http/TextResponseSerializer.h"; sourceTree = "<group>"; };
		5082E803D87F4F92B046576D /* AFURLRequestSerialization.h */ = {isa = PBXFileReference; explicitFileType = undefined; fileEncoding = 4; includeInIndex = 0; lastKnownFileType = sourcecode.c.h; name = AFURLRequestSerialization.h; path = "cordova-plugin-advanced-http/AFURLRequestSerialization.h"; sourceTree = "<group>"; };
		5307748F56434DBA8A054116 /* CDVDevice.h */ = {isa = PBXFileReference; explicitFileType = undefined; fileEncoding = 4; includeInIndex = 0; lastKnownFileType = sourcecode.c.h; name = CDVDevice.h; path = "cordova-plugin-device/CDVDevice.h"; sourceTree = "<group>"; };
		549124B3E7DE4A94BA627E96 /* LMLogger.h */ = {isa = PBXFileReference; explicitFileType = undefined; fileEncoding = 4; includeInIndex = 0; lastKnownFileType = sourcecode.c.h; name = LMLogger.h; path = com.unarin.cordova.beacon/LMLogger.h; sourceTree = "<group>"; };
		5BF3B733E1084A85B4B978B8 /* TextRequestSerializer.m */ = {isa = PBXFileReference; explicitFileType = undefined; fileEncoding = 4; includeInIndex = 0; lastKnownFileType = sourcecode.c.objc; name = TextRequestSerializer.m; path = "cordova-plugin-advanced-http/TextRequestSerializer.m"; sourceTree = "<group>"; };
		6009F0F56916407C92EDC921 /* CordovaHttpPlugin.h */ = {isa = PBXFileReference; explicitFileType = undefined; fileEncoding = 4; includeInIndex = 0; lastKnownFileType = sourcecode.c.h; name = CordovaHttpPlugin.h; path = "cordova-plugin-advanced-http/CordovaHttpPlugin.h"; sourceTree = "<group>"; };
		61C810FC883242D1AE5C50C4 /* CoreLocation.framework */ = {isa = PBXFileReference; explicitFileType = undefined; fileEncoding = 9; includeInIndex = 0; lastKnownFileType = wrapper.framework; name = CoreLocation.framework; path = System/Library/Frameworks/CoreLocation.framework; sourceTree = SDKROOT; };
		63360320409246D9891E5414 /* AFURLSessionManager.h */ = {isa = PBXFileReference; explicitFileType = undefined; fileEncoding = 4; includeInIndex = 0; lastKnownFileType = sourcecode.c.h; name = AFURLSessionManager.h; path = "cordova-plugin-advanced-http/AFURLSessionManager.h"; sourceTree = "<group>"; };
		66C00476D46B4753B3AF5257 /* TextResponseSerializer.m */ = {isa = PBXFileReference; explicitFileType = undefined; fileEncoding = 4; includeInIndex = 0; lastKnownFileType = sourcecode.c.objc; name = TextResponseSerializer.m; path = "cordova-plugin-advanced-http/TextResponseSerializer.m"; sourceTree = "<group>"; };
		691AD4DD528947A0938DD3CB /* AFHTTPSessionManager.m */ = {isa = PBXFileReference; explicitFileType = undefined; fileEncoding = 4; includeInIndex = 0; lastKnownFileType = sourcecode.c.objc; name = AFHTTPSessionManager.m; path = "cordova-plugin-advanced-http/AFHTTPSessionManager.m"; sourceTree = "<group>"; };
		6AFF5BF81D6E424B00AB3073 /* CDVLaunchScreen.storyboard */ = {isa = PBXFileReference; fileEncoding = 4; lastKnownFileType = file.storyboard; name = CDVLaunchScreen.storyboard; path = "Tilt 2/CDVLaunchScreen.storyboard"; sourceTree = SOURCE_ROOT; };
		72FAA7CCC0A14181B55B23EC /* BinaryResponseSerializer.h */ = {isa = PBXFileReference; explicitFileType = undefined; fileEncoding = 4; includeInIndex = 0; lastKnownFileType = sourcecode.c.h; name = BinaryResponseSerializer.h; path = "cordova-plugin-advanced-http/BinaryResponseSerializer.h"; sourceTree = "<group>"; };
		731BB972F7B84A9A90CAF87C /* CDVFile.m */ = {isa = PBXFileReference; explicitFileType = undefined; fileEncoding = 4; includeInIndex = 0; lastKnownFileType = sourcecode.c.objc; name = CDVFile.m; path = "cordova-plugin-file/CDVFile.m"; sourceTree = "<group>"; };
		7A1B3E48F7794CD99FC2CEA1 /* SDNetworkActivityIndicator.m */ = {isa = PBXFileReference; explicitFileType = undefined; fileEncoding = 4; includeInIndex = 0; lastKnownFileType = sourcecode.c.objc; name = SDNetworkActivityIndicator.m; path = "cordova-plugin-advanced-http/SDNetworkActivityIndicator.m"; sourceTree = "<group>"; };
		7F12D5696A5448CDA9CB08C8 /* APPEmailComposerImpl.m */ = {isa = PBXFileReference; explicitFileType = undefined; fileEncoding = 4; includeInIndex = 0; lastKnownFileType = sourcecode.c.objc; name = APPEmailComposerImpl.m; path = "cordova-plugin-email-composer/APPEmailComposerImpl.m"; sourceTree = "<group>"; };
		80294DA6243B4EF2AC113F4F /* TextRequestSerializer.h */ = {isa = PBXFileReference; explicitFileType = undefined; fileEncoding = 4; includeInIndex = 0; lastKnownFileType = sourcecode.c.h; name = TextRequestSerializer.h; path = "cordova-plugin-advanced-http/TextRequestSerializer.h"; sourceTree = "<group>"; };
		804DD8DD93404E87A82A392D /* CordovaHttpPlugin.m */ = {isa = PBXFileReference; explicitFileType = undefined; fileEncoding = 4; includeInIndex = 0; lastKnownFileType = sourcecode.c.objc; name = CordovaHttpPlugin.m; path = "cordova-plugin-advanced-http/CordovaHttpPlugin.m"; sourceTree = "<group>"; };
		8143BC1C1ECB42368FA5AC1F /* AFSecurityPolicy.h */ = {isa = PBXFileReference; explicitFileType = undefined; fileEncoding = 4; includeInIndex = 0; lastKnownFileType = sourcecode.c.h; name = AFSecurityPolicy.h; path = "cordova-plugin-advanced-http/AFSecurityPolicy.h"; sourceTree = "<group>"; };
		846BE852C47B4554B33E9B8A /* CDVAssetLibraryFilesystem.m */ = {isa = PBXFileReference; explicitFileType = undefined; fileEncoding = 4; includeInIndex = 0; lastKnownFileType = sourcecode.c.objc; name = CDVAssetLibraryFilesystem.m; path = "cordova-plugin-file/CDVAssetLibraryFilesystem.m"; sourceTree = "<group>"; };
		8662C56F061F485389A62C9E /* CDVInAppBrowserOptions.m */ = {isa = PBXFileReference; explicitFileType = undefined; fileEncoding = 4; includeInIndex = 0; lastKnownFileType = sourcecode.c.objc; name = CDVInAppBrowserOptions.m; path = "cordova-plugin-inappbrowser/CDVInAppBrowserOptions.m"; sourceTree = "<group>"; };
		866E72C76D144031A7485E96 /* AppDelegate+CDVLocationManager.h */ = {isa = PBXFileReference; explicitFileType = undefined; fileEncoding = 4; includeInIndex = 0; lastKnownFileType = sourcecode.c.h; name = "AppDelegate+CDVLocationManager.h"; path = "com.unarin.cordova.beacon/AppDelegate+CDVLocationManager.h"; sourceTree = "<group>"; };
		8846BD3D222D45D792BCD931 /* CDVInAppBrowserOptions.h */ = {isa = PBXFileReference; explicitFileType = undefined; fileEncoding = 4; includeInIndex = 0; lastKnownFileType = sourcecode.c.h; name = CDVInAppBrowserOptions.h; path = "cordova-plugin-inappbrowser/CDVInAppBrowserOptions.h"; sourceTree = "<group>"; };
		8D1107310486CEB800E47090 /* Tilt 2-Info.plist */ = {isa = PBXFileReference; fileEncoding = 4; lastKnownFileType = text.plist.xml; name = "Tilt 2-Info.plist"; path = "Tilt 2/Tilt 2-Info.plist"; plistStructureDefinitionIdentifier = "com.apple.xcode.plist.structure-definition.iphone.info-plist"; sourceTree = SOURCE_ROOT; };
		961B7E20A1D0408C95B36389 /* BinaryRequestSerializer.m */ = {isa = PBXFileReference; explicitFileType = undefined; fileEncoding = 4; includeInIndex = 0; lastKnownFileType = sourcecode.c.objc; name = BinaryRequestSerializer.m; path = "cordova-plugin-advanced-http/BinaryRequestSerializer.m"; sourceTree = "<group>"; };
		96A447A0326A4E02ADFAAF3A /* CDVLocationManager.h */ = {isa = PBXFileReference; explicitFileType = undefined; fileEncoding = 4; includeInIndex = 0; lastKnownFileType = sourcecode.c.h; name = CDVLocationManager.h; path = com.unarin.cordova.beacon/CDVLocationManager.h; sourceTree = "<group>"; };
		98B6714D382A4AD7A026169B /* APPEmailComposer.h */ = {isa = PBXFileReference; explicitFileType = undefined; fileEncoding = 4; includeInIndex = 0; lastKnownFileType = sourcecode.c.h; name = APPEmailComposer.h; path = "cordova-plugin-email-composer/APPEmailComposer.h"; sourceTree = "<group>"; };
		A22EAC1EC3314B1E8A9B18BE /* CDVStatusBar.h */ = {isa = PBXFileReference; explicitFileType = undefined; fileEncoding = 4; includeInIndex = 0; lastKnownFileType = sourcecode.c.h; name = CDVStatusBar.h; path = "cordova-plugin-statusbar/CDVStatusBar.h"; sourceTree = "<group>"; };
		AA12DE00B8CC462C8294686E /* AFURLResponseSerialization.h */ = {isa = PBXFileReference; explicitFileType = undefined; fileEncoding = 4; includeInIndex = 0; lastKnownFileType = sourcecode.c.h; name = AFURLResponseSerialization.h; path = "cordova-plugin-advanced-http/AFURLResponseSerialization.h"; sourceTree = "<group>"; };
		AD6F0FF22E384534B84A5143 /* APPEmailComposer.m */ = {isa = PBXFileReference; explicitFileType = undefined; fileEncoding = 4; includeInIndex = 0; lastKnownFileType = sourcecode.c.objc; name = APPEmailComposer.m; path = "cordova-plugin-email-composer/APPEmailComposer.m"; sourceTree = "<group>"; };
		B6CD7D5B18FF4471A5D2729A /* CDVFile.h */ = {isa = PBXFileReference; explicitFileType = undefined; fileEncoding = 4; includeInIndex = 0; lastKnownFileType = sourcecode.c.h; name = CDVFile.h; path = "cordova-plugin-file/CDVFile.h"; sourceTree = "<group>"; };
		BB9C2BBC15F445A4B5598E6D /* NativeStorage.m */ = {isa = PBXFileReference; explicitFileType = undefined; fileEncoding = 4; includeInIndex = 0; lastKnownFileType = sourcecode.c.objc; name = NativeStorage.m; path = "cordova-plugin-nativestorage/NativeStorage.m"; sourceTree = "<group>"; };
		C4404DDFD8C044F9A86F0BE5 /* AFNetworkReachabilityManager.h */ = {isa = PBXFileReference; explicitFileType = undefined; fileEncoding = 4; includeInIndex = 0; lastKnownFileType = sourcecode.c.h; name = AFNetworkReachabilityManager.h; path = "cordova-plugin-advanced-http/AFNetworkReachabilityManager.h"; sourceTree = "<group>"; };
		C5A98ED8AB5949B7B6FACA1D /* AFHTTPSessionManager.h */ = {isa = PBXFileReference; explicitFileType = undefined; fileEncoding = 4; includeInIndex = 0; lastKnownFileType = sourcecode.c.h; name = AFHTTPSessionManager.h; path = "cordova-plugin-advanced-http/AFHTTPSessionManager.h"; sourceTree = "<group>"; };
		C76045D567AE4AF9B19BB4DE /* SystemConfiguration.framework */ = {isa = PBXFileReference; explicitFileType = undefined; fileEncoding = 9; includeInIndex = 0; lastKnownFileType = wrapper.framework; name = SystemConfiguration.framework; path = System/Library/Frameworks/SystemConfiguration.framework; sourceTree = SDKROOT; };
		D009998E1C8D44E7B19EF41E /* CDVDevice.m */ = {isa = PBXFileReference; explicitFileType = undefined; fileEncoding = 4; includeInIndex = 0; lastKnownFileType = sourcecode.c.objc; name = CDVDevice.m; path = "cordova-plugin-device/CDVDevice.m"; sourceTree = "<group>"; };
		D099598348F649A2BB3A598F /* CoreBluetooth.framework */ = {isa = PBXFileReference; explicitFileType = undefined; fileEncoding = 9; includeInIndex = 0; lastKnownFileType = wrapper.framework; name = CoreBluetooth.framework; path = System/Library/Frameworks/CoreBluetooth.framework; sourceTree = SDKROOT; };
		D1430014FD5C40F1A891287B /* CDVWKInAppBrowser.h */ = {isa = PBXFileReference; explicitFileType = undefined; fileEncoding = 4; includeInIndex = 0; lastKnownFileType = sourcecode.c.h; name = CDVWKInAppBrowser.h; path = "cordova-plugin-inappbrowser/CDVWKInAppBrowser.h"; sourceTree = "<group>"; };
		D6DCBCDB8F30406C9F50E790 /* AFNetworkReachabilityManager.m */ = {isa = PBXFileReference; explicitFileType = undefined; fileEncoding = 4; includeInIndex = 0; lastKnownFileType = sourcecode.c.objc; name = AFNetworkReachabilityManager.m; path = "cordova-plugin-advanced-http/AFNetworkReachabilityManager.m"; sourceTree = "<group>"; };
		D8DE8A3244C74862AAA63100 /* CDVWKInAppBrowser.m */ = {isa = PBXFileReference; explicitFileType = undefined; fileEncoding = 4; includeInIndex = 0; lastKnownFileType = sourcecode.c.objc; name = CDVWKInAppBrowser.m; path = "cordova-plugin-inappbrowser/CDVWKInAppBrowser.m"; sourceTree = "<group>"; };
		DFA37B7CCC494BF9AED095C1 /* CDVLocationManager.m */ = {isa = PBXFileReference; explicitFileType = undefined; fileEncoding = 4; includeInIndex = 0; lastKnownFileType = sourcecode.c.objc; name = CDVLocationManager.m; path = com.unarin.cordova.beacon/CDVLocationManager.m; sourceTree = "<group>"; };
		DFE6EE397EDB4F47ACDDBE12 /* Security.framework */ = {isa = PBXFileReference; explicitFileType = undefined; fileEncoding = 9; includeInIndex = 0; lastKnownFileType = wrapper.framework; name = Security.framework; path = System/Library/Frameworks/Security.framework; sourceTree = SDKROOT; };
		E59202E4EE0641F5A432E0EE /* CDVWKInAppBrowserUIDelegate.h */ = {isa = PBXFileReference; explicitFileType = undefined; fileEncoding = 4; includeInIndex = 0; lastKnownFileType = sourcecode.c.h; name = CDVWKInAppBrowserUIDelegate.h; path = "cordova-plugin-inappbrowser/CDVWKInAppBrowserUIDelegate.h"; sourceTree = "<group>"; };
		EB87FDF31871DA8E0020F90C /* www */ = {isa = PBXFileReference; lastKnownFileType = folder; name = www; path = ../../www; sourceTree = "<group>"; };
		EB87FDF41871DAF40020F90C /* config.xml */ = {isa = PBXFileReference; lastKnownFileType = text.xml; name = config.xml; path = ../../config.xml; sourceTree = "<group>"; };
		ED33DF2A687741AEAF9F8254 /* Bridging-Header.h */ = {isa = PBXFileReference; fileEncoding = 4; lastKnownFileType = sourcecode.c.h; path = "Bridging-Header.h"; sourceTree = "<group>"; };
		F63481FC3B8F4C2A9466D2DC /* SDNetworkActivityIndicator.h */ = {isa = PBXFileReference; explicitFileType = undefined; fileEncoding = 4; includeInIndex = 0; lastKnownFileType = sourcecode.c.h; name = SDNetworkActivityIndicator.h; path = "cordova-plugin-advanced-http/SDNetworkActivityIndicator.h"; sourceTree = "<group>"; };
		F840E1F0165FE0F500CFE078 /* config.xml */ = {isa = PBXFileReference; lastKnownFileType = text.xml; name = config.xml; path = "Tilt 2/config.xml"; sourceTree = "<group>"; };
		FD2D45CD64924C909B49257F /* CDVInAppBrowserNavigationController.h */ = {isa = PBXFileReference; explicitFileType = undefined; fileEncoding = 4; includeInIndex = 0; lastKnownFileType = sourcecode.c.h; name = CDVInAppBrowserNavigationController.h; path = "cordova-plugin-inappbrowser/CDVInAppBrowserNavigationController.h"; sourceTree = "<group>"; };
/* End PBXFileReference section */

/* Begin PBXFrameworksBuildPhase section */
		1D60588F0D05DD3D006BFB54 /* Frameworks */ = {
			isa = PBXFrameworksBuildPhase;
			buildActionMask = 2147483647;
			files = (
				301BF552109A68D80062928A /* libCordova.a in Frameworks */,
				7F2B8CE4A3B74EE9910064D5 /* CoreBluetooth.framework in Frameworks */,
				E178127E83A84F9697E4E05E /* CoreLocation.framework in Frameworks */,
				1B49548913C54045A5B33E28 /* Security.framework in Frameworks */,
				C598FB8D849240B38681F47D /* SystemConfiguration.framework in Frameworks */,
				32FCED7CEFA147068D69F214 /* MessageUI.framework in Frameworks */,
			);
			runOnlyForDeploymentPostprocessing = 0;
		};
/* End PBXFrameworksBuildPhase section */

/* Begin PBXGroup section */
		080E96DDFE201D6D7F000001 /* Classes */ = {
			isa = PBXGroup;
			children = (
				302D95EE14D2391D003F00A1 /* MainViewController.h */,
				302D95EF14D2391D003F00A1 /* MainViewController.m */,
				302D95F014D2391D003F00A1 /* MainViewController.xib */,
				1D3623240D0F684500981E51 /* AppDelegate.h */,
				1D3623250D0F684500981E51 /* AppDelegate.m */,
			);
			name = Classes;
			path = "Tilt 2/Classes";
			sourceTree = SOURCE_ROOT;
		};
		19C28FACFE9D520D11CA2CBB /* Products */ = {
			isa = PBXGroup;
			children = (
				1D6058910D05DD3D006BFB54 /* Tilt 2.app */,
			);
			name = Products;
			sourceTree = "<group>";
		};
		29B97314FDCFA39411CA2CEA /* CustomTemplate */ = {
			isa = PBXGroup;
			children = (
				EB87FDF41871DAF40020F90C /* config.xml */,
				EB87FDF31871DA8E0020F90C /* www */,
				EB87FDF11871DA420020F90C /* Staging */,
				301BF52D109A57CC0062928A /* CordovaLib.xcodeproj */,
				080E96DDFE201D6D7F000001 /* Classes */,
				307C750510C5A3420062BCA9 /* Plugins */,
				29B97315FDCFA39411CA2CEA /* Other Sources */,
				29B97317FDCFA39411CA2CEA /* Resources */,
				29B97323FDCFA39411CA2CEA /* Frameworks */,
				19C28FACFE9D520D11CA2CBB /* Products */,
			);
			name = CustomTemplate;
			sourceTree = "<group>";
		};
		29B97315FDCFA39411CA2CEA /* Other Sources */ = {
			isa = PBXGroup;
			children = (
				32CA4F630368D1EE00C91783 /* Tilt 2-Prefix.pch */,
				29B97316FDCFA39411CA2CEA /* main.m */,
				ED33DF2A687741AEAF9F8254 /* Bridging-Header.h */,
			);
			name = "Other Sources";
			path = "Tilt 2";
			sourceTree = "<group>";
		};
		29B97317FDCFA39411CA2CEA /* Resources */ = {
			isa = PBXGroup;
			children = (
				0207DA571B56EA530066E2B4 /* Images.xcassets */,
				3047A50E1AB8057F00498E2A /* config */,
				8D1107310486CEB800E47090 /* Tilt 2-Info.plist */,
				6AFF5BF81D6E424B00AB3073 /* CDVLaunchScreen.storyboard */,
			);
			name = Resources;
			path = "Tilt 2/Resources";
			sourceTree = "<group>";
		};
		29B97323FDCFA39411CA2CEA /* Frameworks */ = {
			isa = PBXGroup;
			children = (
				D099598348F649A2BB3A598F /* CoreBluetooth.framework */,
				61C810FC883242D1AE5C50C4 /* CoreLocation.framework */,
				DFE6EE397EDB4F47ACDDBE12 /* Security.framework */,
				C76045D567AE4AF9B19BB4DE /* SystemConfiguration.framework */,
				0DF968466ACB46A8A567EB0B /* MessageUI.framework */,
			);
			name = Frameworks;
			sourceTree = "<group>";
		};
		301BF52E109A57CC0062928A /* Products */ = {
			isa = PBXGroup;
			children = (
				301BF535109A57CC0062928A /* libCordova.a */,
				907D8124214C687600058A10 /* Cordova.framework */,
			);
			name = Products;
			sourceTree = "<group>";
		};
		3047A50E1AB8057F00498E2A /* config */ = {
			isa = PBXGroup;
			children = (
				3047A50F1AB8059700498E2A /* build-debug.xcconfig */,
				3047A5101AB8059700498E2A /* build-release.xcconfig */,
				3047A5111AB8059700498E2A /* build.xcconfig */,
			);
			name = config;
			sourceTree = "<group>";
		};
		307C750510C5A3420062BCA9 /* Plugins */ = {
			isa = PBXGroup;
			children = (
				D009998E1C8D44E7B19EF41E /* CDVDevice.m */,
				5307748F56434DBA8A054116 /* CDVDevice.h */,
				DFA37B7CCC494BF9AED095C1 /* CDVLocationManager.m */,
				40A63F0D449349359F5B07E7 /* AppDelegate+CDVLocationManager.m */,
				1BD442F5A6A7412A8B1F7D85 /* LMLogger.m */,
				96A447A0326A4E02ADFAAF3A /* CDVLocationManager.h */,
				866E72C76D144031A7485E96 /* AppDelegate+CDVLocationManager.h */,
				549124B3E7DE4A94BA627E96 /* LMLogger.h */,
				731BB972F7B84A9A90CAF87C /* CDVFile.m */,
				3A8F52AAD7BB40BC8C063791 /* CDVLocalFilesystem.m */,
				846BE852C47B4554B33E9B8A /* CDVAssetLibraryFilesystem.m */,
				B6CD7D5B18FF4471A5D2729A /* CDVFile.h */,
				128F24D36905451CB04438B7 /* CDVLocalFilesystem.h */,
				1AE199483E414727A98C6680 /* CDVAssetLibraryFilesystem.h */,
				804DD8DD93404E87A82A392D /* CordovaHttpPlugin.m */,
				961B7E20A1D0408C95B36389 /* BinaryRequestSerializer.m */,
				3A92535B476F4A8CB26062B3 /* BinaryResponseSerializer.m */,
				66C00476D46B4753B3AF5257 /* TextResponseSerializer.m */,
				5BF3B733E1084A85B4B978B8 /* TextRequestSerializer.m */,
				691AD4DD528947A0938DD3CB /* AFHTTPSessionManager.m */,
				D6DCBCDB8F30406C9F50E790 /* AFNetworkReachabilityManager.m */,
				3B1C0BF8F7A746BDA9AE8FD5 /* AFSecurityPolicy.m */,
				2D71406DC2EF4D15BEE67700 /* AFURLRequestSerialization.m */,
				21CE565254BD42B18725615B /* AFURLResponseSerialization.m */,
				0B1D45690BDF4424818756B8 /* AFURLSessionManager.m */,
				7A1B3E48F7794CD99FC2CEA1 /* SDNetworkActivityIndicator.m */,
				6009F0F56916407C92EDC921 /* CordovaHttpPlugin.h */,
				22B0237682E343059D885484 /* BinaryRequestSerializer.h */,
				72FAA7CCC0A14181B55B23EC /* BinaryResponseSerializer.h */,
				41D25B904D98476DA8E89004 /* TextResponseSerializer.h */,
				80294DA6243B4EF2AC113F4F /* TextRequestSerializer.h */,
				C5A98ED8AB5949B7B6FACA1D /* AFHTTPSessionManager.h */,
				25A6BB8CE3794554ACDAE5C2 /* AFNetworking.h */,
				C4404DDFD8C044F9A86F0BE5 /* AFNetworkReachabilityManager.h */,
				8143BC1C1ECB42368FA5AC1F /* AFSecurityPolicy.h */,
				5082E803D87F4F92B046576D /* AFURLRequestSerialization.h */,
				AA12DE00B8CC462C8294686E /* AFURLResponseSerialization.h */,
				63360320409246D9891E5414 /* AFURLSessionManager.h */,
				F63481FC3B8F4C2A9466D2DC /* SDNetworkActivityIndicator.h */,
				8662C56F061F485389A62C9E /* CDVInAppBrowserOptions.m */,
				279B2AF1474842A6A0222792 /* CDVInAppBrowserNavigationController.m */,
				D8DE8A3244C74862AAA63100 /* CDVWKInAppBrowser.m */,
				3F1746F5990943D78214E767 /* CDVWKInAppBrowserUIDelegate.m */,
				8846BD3D222D45D792BCD931 /* CDVInAppBrowserOptions.h */,
				FD2D45CD64924C909B49257F /* CDVInAppBrowserNavigationController.h */,
				D1430014FD5C40F1A891287B /* CDVWKInAppBrowser.h */,
				E59202E4EE0641F5A432E0EE /* CDVWKInAppBrowserUIDelegate.h */,
				BB9C2BBC15F445A4B5598E6D /* NativeStorage.m */,
				3E91E71EA79B4F4E9527CA64 /* NativeStorage.h */,
				33AD11CD4C514B0EB453A610 /* CDVStatusBar.m */,
				A22EAC1EC3314B1E8A9B18BE /* CDVStatusBar.h */,
				AD6F0FF22E384534B84A5143 /* APPEmailComposer.m */,
				7F12D5696A5448CDA9CB08C8 /* APPEmailComposerImpl.m */,
				98B6714D382A4AD7A026169B /* APPEmailComposer.h */,
				38A99887C4754B36A31E8D87 /* APPEmailComposerImpl.h */,
			);
			name = Plugins;
			path = "Tilt 2/Plugins";
			sourceTree = SOURCE_ROOT;
		};
		EB87FDF11871DA420020F90C /* Staging */ = {
			isa = PBXGroup;
			children = (
				F840E1F0165FE0F500CFE078 /* config.xml */,
				301BF56E109A69640062928A /* www */,
			);
			name = Staging;
			sourceTree = "<group>";
		};
/* End PBXGroup section */

/* Begin PBXNativeTarget section */
		1D6058900D05DD3D006BFB54 /* Tilt 2 */ = {
			isa = PBXNativeTarget;
			buildConfigurationList = 1D6058960D05DD3E006BFB54 /* Build configuration list for PBXNativeTarget "Tilt 2" */;
			buildPhases = (
				304B58A110DAC018002A0835 /* Copy www directory */,
				1D60588D0D05DD3D006BFB54 /* Resources */,
				1D60588E0D05DD3D006BFB54 /* Sources */,
				1D60588F0D05DD3D006BFB54 /* Frameworks */,
			);
			buildRules = (
			);
			dependencies = (
				301BF551109A68C00062928A /* PBXTargetDependency */,
			);
			name = "Tilt 2";
			productName = "Tilt 2";
			productReference = 1D6058910D05DD3D006BFB54 /* Tilt 2.app */;
			productType = "com.apple.product-type.application";
		};
/* End PBXNativeTarget section */

/* Begin PBXProject section */
		29B97313FDCFA39411CA2CEA /* Project object */ = {
			isa = PBXProject;
			attributes = {
				LastUpgradeCheck = 510;
				TargetAttributes = {
					1D6058900D05DD3D006BFB54 = {
						DevelopmentTeam = YS8PZRE64N;
						ProvisioningStyle = Automatic;
					};
				};
			};
			buildConfigurationList = C01FCF4E08A954540054247B /* Build configuration list for PBXProject "Tilt 2" */;
			compatibilityVersion = "Xcode 3.2";
			developmentRegion = English;
			hasScannedForEncodings = 1;
			knownRegions = (
				English,
				en,
				Base,
			);
			mainGroup = 29B97314FDCFA39411CA2CEA /* CustomTemplate */;
			projectDirPath = "";
			projectReferences = (
				{
					ProductGroup = 301BF52E109A57CC0062928A /* Products */;
					ProjectRef = 301BF52D109A57CC0062928A /* CordovaLib.xcodeproj */;
				},
			);
			projectRoot = "";
			targets = (
				1D6058900D05DD3D006BFB54 /* Tilt 2 */,
			);
		};
/* End PBXProject section */

/* Begin PBXReferenceProxy section */
		301BF535109A57CC0062928A /* libCordova.a */ = {
			isa = PBXReferenceProxy;
			fileType = archive.ar;
			path = libCordova.a;
			remoteRef = 301BF534109A57CC0062928A /* PBXContainerItemProxy */;
			sourceTree = BUILT_PRODUCTS_DIR;
		};
		907D8124214C687600058A10 /* Cordova.framework */ = {
			isa = PBXReferenceProxy;
			fileType = wrapper.framework;
			path = Cordova.framework;
			remoteRef = 907D8123214C687600058A10 /* PBXContainerItemProxy */;
			sourceTree = BUILT_PRODUCTS_DIR;
		};
/* End PBXReferenceProxy section */

/* Begin PBXResourcesBuildPhase section */
		1D60588D0D05DD3D006BFB54 /* Resources */ = {
			isa = PBXResourcesBuildPhase;
			buildActionMask = 2147483647;
			files = (
				302D95F214D2391D003F00A1 /* MainViewController.xib in Resources */,
				0207DA581B56EA530066E2B4 /* Images.xcassets in Resources */,
				6AFF5BF91D6E424B00AB3073 /* CDVLaunchScreen.storyboard in Resources */,
			);
			runOnlyForDeploymentPostprocessing = 0;
		};
/* End PBXResourcesBuildPhase section */

/* Begin PBXShellScriptBuildPhase section */
		304B58A110DAC018002A0835 /* Copy www directory */ = {
			isa = PBXShellScriptBuildPhase;
			buildActionMask = 2147483647;
			files = (
			);
			inputPaths = (
			);
			name = "Copy www directory";
			outputPaths = (
			);
			runOnlyForDeploymentPostprocessing = 0;
			shellPath = /bin/sh;
			shellScript = "\"$SRCROOT/Tilt 2/Scripts/copy-www-build-step.sh\"";
			showEnvVarsInLog = 0;
		};
/* End PBXShellScriptBuildPhase section */

/* Begin PBXSourcesBuildPhase section */
		1D60588E0D05DD3D006BFB54 /* Sources */ = {
			isa = PBXSourcesBuildPhase;
			buildActionMask = 2147483647;
			files = (
				1D60589B0D05DD56006BFB54 /* main.m in Sources */,
				1D3623260D0F684500981E51 /* AppDelegate.m in Sources */,
				302D95F114D2391D003F00A1 /* MainViewController.m in Sources */,
				38132C46B6334B7081149578 /* CDVDevice.m in Sources */,
				700FF39D7BE2479694779E09 /* CDVLocationManager.m in Sources */,
				8036626687E14884A3DCECA6 /* AppDelegate+CDVLocationManager.m in Sources */,
				35B450458EEA491ABB2CA2CE /* LMLogger.m in Sources */,
				C780A684FC6D4AC9B34BF38E /* CDVFile.m in Sources */,
				268C449C35D643CA8EB2CA81 /* CDVLocalFilesystem.m in Sources */,
				7161FD62536F47149CD051CE /* CDVAssetLibraryFilesystem.m in Sources */,
				6C4C136A24C94E01B8F6C9B4 /* CordovaHttpPlugin.m in Sources */,
				0F37C379B7964156A96CC83C /* BinaryRequestSerializer.m in Sources */,
				271DE24C89F74EBBAE62CFEF /* BinaryResponseSerializer.m in Sources */,
				5981A82556D44D68B1C214D0 /* TextResponseSerializer.m in Sources */,
				E9B1FEFF5A954717A7B11EFE /* TextRequestSerializer.m in Sources */,
				91A9AFBD48C14D40861E95BD /* AFHTTPSessionManager.m in Sources */,
				0BA1B14325184F76903F7946 /* AFNetworkReachabilityManager.m in Sources */,
				4A1EF765CCD04E2E8BABEE0A /* AFSecurityPolicy.m in Sources */,
				80ED3B402C4D477883E03448 /* AFURLRequestSerialization.m in Sources */,
				3972EB73D1C143E3A26E43BC /* AFURLResponseSerialization.m in Sources */,
				ED97D5773AE440678EBAD443 /* AFURLSessionManager.m in Sources */,
				9468B9C949214058ADA9D6D0 /* SDNetworkActivityIndicator.m in Sources */,
				548F68EF324047729CE9E269 /* CDVInAppBrowserOptions.m in Sources */,
				9CB0702AEF6F496A9CEEB3BC /* CDVInAppBrowserNavigationController.m in Sources */,
				7A9FE0B8C0134224B90E3D16 /* CDVWKInAppBrowser.m in Sources */,
				34D5EFE975F14FA08E8EE3EC /* CDVWKInAppBrowserUIDelegate.m in Sources */,
				1C4639FAB9934A898826334A /* NativeStorage.m in Sources */,
				4FD1BBB33F6C41BCBCF92E05 /* CDVStatusBar.m in Sources */,
				9286166F4BC94FA3AD8DCF77 /* APPEmailComposer.m in Sources */,
				F781D9AAD4644775AA082728 /* APPEmailComposerImpl.m in Sources */,
			);
			runOnlyForDeploymentPostprocessing = 0;
		};
/* End PBXSourcesBuildPhase section */

/* Begin PBXTargetDependency section */
		301BF551109A68C00062928A /* PBXTargetDependency */ = {
			isa = PBXTargetDependency;
			name = CordovaLib;
			targetProxy = 301BF550109A68C00062928A /* PBXContainerItemProxy */;
		};
/* End PBXTargetDependency section */

/* Begin XCBuildConfiguration section */
		1D6058940D05DD3E006BFB54 /* Debug */ = {
			isa = XCBuildConfiguration;
			baseConfigurationReference = 3047A50F1AB8059700498E2A /* build-debug.xcconfig */;
			buildSettings = {
				ALWAYS_SEARCH_USER_PATHS = NO;
				ASSETCATALOG_COMPILER_APPICON_NAME = AppIcon;
				CLANG_ENABLE_MODULES = YES;
				CLANG_ENABLE_OBJC_ARC = YES;
				CODE_SIGN_IDENTITY = "Apple Development";
				COPY_PHASE_STRIP = NO;
				DEVELOPMENT_TEAM = YS8PZRE64N;
				GCC_DYNAMIC_NO_PIC = NO;
				GCC_OPTIMIZATION_LEVEL = 0;
				GCC_PRECOMPILE_PREFIX_HEADER = YES;
				GCC_PREFIX_HEADER = "Tilt 2/Tilt 2-Prefix.pch";
				GCC_THUMB_SUPPORT = NO;
				GCC_VERSION = "";
				INFOPLIST_FILE = "Tilt 2/Tilt 2-Info.plist";
				IPHONEOS_DEPLOYMENT_TARGET = 11.0;
				LD_RUNPATH_SEARCH_PATHS = "@executable_path/Frameworks";
				PRODUCT_BUNDLE_IDENTIFIER = com.baronbrew.tilthydrometerf7;
				PRODUCT_NAME = "$(TARGET_NAME)";
				TARGETED_DEVICE_FAMILY = "1,2";
			};
			name = Debug;
		};
		1D6058950D05DD3E006BFB54 /* Release */ = {
			isa = XCBuildConfiguration;
			baseConfigurationReference = 3047A5101AB8059700498E2A /* build-release.xcconfig */;
			buildSettings = {
				ALWAYS_SEARCH_USER_PATHS = NO;
				ASSETCATALOG_COMPILER_APPICON_NAME = AppIcon;
				CLANG_ENABLE_MODULES = YES;
				CLANG_ENABLE_OBJC_ARC = YES;
				CODE_SIGN_IDENTITY = "Apple Development";
				COPY_PHASE_STRIP = YES;
				DEVELOPMENT_TEAM = YS8PZRE64N;
				GCC_PRECOMPILE_PREFIX_HEADER = YES;
				GCC_PREFIX_HEADER = "Tilt 2/Tilt 2-Prefix.pch";
				GCC_THUMB_SUPPORT = NO;
				GCC_VERSION = "";
				INFOPLIST_FILE = "Tilt 2/Tilt 2-Info.plist";
				IPHONEOS_DEPLOYMENT_TARGET = 11.0;
				LD_RUNPATH_SEARCH_PATHS = "@executable_path/Frameworks";
				PRODUCT_BUNDLE_IDENTIFIER = com.baronbrew.tilthydrometerf7;
				PRODUCT_NAME = "$(TARGET_NAME)";
				TARGETED_DEVICE_FAMILY = "1,2";
			};
			name = Release;
		};
		C01FCF4F08A954540054247B /* Debug */ = {
			isa = XCBuildConfiguration;
			baseConfigurationReference = 3047A5111AB8059700498E2A /* build.xcconfig */;
			buildSettings = {
				CLANG_ENABLE_MODULES = YES;
				CLANG_ENABLE_OBJC_ARC = YES;
				CLANG_WARN_BLOCK_CAPTURE_AUTORELEASING = YES;
				CLANG_WARN_BOOL_CONVERSION = YES;
				CLANG_WARN_COMMA = YES;
				CLANG_WARN_CONSTANT_CONVERSION = YES;
				CLANG_WARN_DEPRECATED_OBJC_IMPLEMENTATIONS = YES;
				CLANG_WARN_EMPTY_BODY = YES;
				CLANG_WARN_ENUM_CONVERSION = YES;
				CLANG_WARN_INFINITE_RECURSION = YES;
				CLANG_WARN_INT_CONVERSION = YES;
				CLANG_WARN_NON_LITERAL_NULL_CONVERSION = YES;
				CLANG_WARN_OBJC_IMPLICIT_RETAIN_SELF = YES;
				CLANG_WARN_OBJC_LITERAL_CONVERSION = YES;
				CLANG_WARN_RANGE_LOOP_ANALYSIS = YES;
				CLANG_WARN_STRICT_PROTOTYPES = YES;
				CLANG_WARN_SUSPICIOUS_MOVE = YES;
				CLANG_WARN_UNREACHABLE_CODE = YES;
				CLANG_WARN__DUPLICATE_METHOD_MATCH = YES;
				ENABLE_STRICT_OBJC_MSGSEND = YES;
				ENABLE_TESTABILITY = YES;
				GCC_C_LANGUAGE_STANDARD = c99;
				GCC_NO_COMMON_BLOCKS = YES;
				GCC_THUMB_SUPPORT = NO;
				GCC_VERSION = "";
				GCC_WARN_64_TO_32_BIT_CONVERSION = YES;
				GCC_WARN_ABOUT_RETURN_TYPE = YES;
				GCC_WARN_UNDECLARED_SELECTOR = YES;
				GCC_WARN_UNINITIALIZED_AUTOS = YES;
				GCC_WARN_UNUSED_FUNCTION = YES;
				GCC_WARN_UNUSED_VARIABLE = YES;
				ONLY_ACTIVE_ARCH = YES;
				PRODUCT_BUNDLE_IDENTIFIER = com.baronbrew.tilthydrometerf7;
				SDKROOT = iphoneos;
				SKIP_INSTALL = NO;
				WK_WEB_VIEW_ONLY = 0;
			};
			name = Debug;
		};
		C01FCF5008A954540054247B /* Release */ = {
			isa = XCBuildConfiguration;
			baseConfigurationReference = 3047A5111AB8059700498E2A /* build.xcconfig */;
			buildSettings = {
				CLANG_ENABLE_MODULES = YES;
				CLANG_ENABLE_OBJC_ARC = YES;
				CLANG_WARN_BLOCK_CAPTURE_AUTORELEASING = YES;
				CLANG_WARN_BOOL_CONVERSION = YES;
				CLANG_WARN_COMMA = YES;
				CLANG_WARN_CONSTANT_CONVERSION = YES;
				CLANG_WARN_DEPRECATED_OBJC_IMPLEMENTATIONS = YES;
				CLANG_WARN_EMPTY_BODY = YES;
				CLANG_WARN_ENUM_CONVERSION = YES;
				CLANG_WARN_INFINITE_RECURSION = YES;
				CLANG_WARN_INT_CONVERSION = YES;
				CLANG_WARN_NON_LITERAL_NULL_CONVERSION = YES;
				CLANG_WARN_OBJC_IMPLICIT_RETAIN_SELF = YES;
				CLANG_WARN_OBJC_LITERAL_CONVERSION = YES;
				CLANG_WARN_RANGE_LOOP_ANALYSIS = YES;
				CLANG_WARN_STRICT_PROTOTYPES = YES;
				CLANG_WARN_SUSPICIOUS_MOVE = YES;
				CLANG_WARN_UNREACHABLE_CODE = YES;
				CLANG_WARN__DUPLICATE_METHOD_MATCH = YES;
				ENABLE_STRICT_OBJC_MSGSEND = YES;
				GCC_C_LANGUAGE_STANDARD = c99;
				GCC_NO_COMMON_BLOCKS = YES;
				GCC_THUMB_SUPPORT = NO;
				GCC_VERSION = "";
				GCC_WARN_64_TO_32_BIT_CONVERSION = YES;
				GCC_WARN_ABOUT_RETURN_TYPE = YES;
				GCC_WARN_UNDECLARED_SELECTOR = YES;
				GCC_WARN_UNINITIALIZED_AUTOS = YES;
				GCC_WARN_UNUSED_FUNCTION = YES;
				GCC_WARN_UNUSED_VARIABLE = YES;
				PRODUCT_BUNDLE_IDENTIFIER = com.baronbrew.tilthydrometerf7;
				SDKROOT = iphoneos;
				SKIP_INSTALL = NO;
				WK_WEB_VIEW_ONLY = 0;
			};
			name = Release;
		};
/* End XCBuildConfiguration section */

/* Begin XCConfigurationList section */
		1D6058960D05DD3E006BFB54 /* Build configuration list for PBXNativeTarget "Tilt 2" */ = {
			isa = XCConfigurationList;
			buildConfigurations = (
				1D6058940D05DD3E006BFB54 /* Debug */,
				1D6058950D05DD3E006BFB54 /* Release */,
			);
			defaultConfigurationIsVisible = 0;
			defaultConfigurationName = Release;
		};
		C01FCF4E08A954540054247B /* Build configuration list for PBXProject "Tilt 2" */ = {
			isa = XCConfigurationList;
			buildConfigurations = (
				C01FCF4F08A954540054247B /* Debug */,
				C01FCF5008A954540054247B /* Release */,
			);
			defaultConfigurationIsVisible = 0;
			defaultConfigurationName = Release;
		};
/* End XCConfigurationList section */
	};
	rootObject = 29B97313FDCFA39411CA2CEA /* Project object */;
}
